
Microsoft Visual Studio Solution File, Format Version 12.00
# Visual Studio 15
VisualStudioVersion = 15.0.28307.271
MinimumVisualStudioVersion = 10.0.40219.1
Project("{9A19103F-16F7-4668-BE54-9A1E7A4F7556}") = "SocialApp.API", "SocialApp.API.csproj", "{9C03A769-C0A2-4377-B3BF-E4BC1933FC3A}"
EndProject
Global
	GlobalSection(SolutionConfigurationPlatforms) = preSolution
		Debug|Any CPU = Debug|Any CPU
		Release|Any CPU = Release|Any CPU
	EndGlobalSection
	GlobalSection(ProjectConfigurationPlatforms) = postSolution
		{9C03A769-C0A2-4377-B3BF-E4BC1933FC3A}.Debug|Any CPU.ActiveCfg = Debug|Any CPU
		{9C03A769-C0A2-4377-B3BF-E4BC1933FC3A}.Debug|Any CPU.Build.0 = Debug|Any CPU
		{9C03A769-C0A2-4377-B3BF-E4BC1933FC3A}.Release|Any CPU.ActiveCfg = Release|Any CPU
		{9C03A769-C0A2-4377-B3BF-E4BC1933FC3A}.Release|Any CPU.Build.0 = Release|Any CPU
	EndGlobalSection
	GlobalSection(SolutionProperties) = preSolution
		HideSolutionNode = FALSE
	EndGlobalSection
	GlobalSection(ExtensibilityGlobals) = postSolution
		SolutionGuid = {24E42ED6-937A-4258-95BE-8101A8895CAD}
	EndGlobalSection
EndGlobal
